Microsoft Visual Studio Solution File, Format Version 12.00
# Visual Studio Version 17
VisualStudioVersion = 17.5.2.0
MinimumVisualStudioVersion = 10.0.40219.1
Project("{FAE04EC0-301F-11D3-BF4B-00C04F79EFBC}") = "IlMioPortfolio", "IlMioPortfolio.csproj", "{FF8F7238-F6F5-1078-DE2B-51539ED31778}"
EndProject
Global
	GlobalSection(SolutionConfigurationPlatforms) = preSolution
		Debug|Any CPU = Debug|Any CPU
		Release|Any CPU = Release|Any CPU
	EndGlobalSection
	GlobalSection(ProjectConfigurationPlatforms) = postSolution
		{FF8F7238-F6F5-1078-DE2B-51539ED31778}.Debug|Any CPU.ActiveCfg = Debug|Any CPU
		{FF8F7238-F6F5-1078-DE2B-51539ED31778}.Debug|Any CPU.Build.0 = Debug|Any CPU
		{FF8F7238-F6F5-1078-DE2B-51539ED31778}.Release|Any CPU.ActiveCfg = Release|Any CPU
		{FF8F7238-F6F5-1078-DE2B-51539ED31778}.Release|Any CPU.Build.0 = Release|Any CPU
	EndGlobalSection
	GlobalSection(SolutionProperties) = preSolution
		HideSolutionNode = FALSE
	EndGlobalSection
	GlobalSection(ExtensibilityGlobals) = postSolution
		SolutionGuid = {76C41329-48E7-4AB3-860E-A99297B011AD}
	EndGlobalSection
EndGlobal
